
Microsoft Visual Studio Solution File, Format Version 11.00
# Visual Studio 2010
Project("{FAE04EC0-301F-11D3-BF4B-00C04F79EFBC}") = "BeardBoy", "Assembly-CSharp.csproj", "{070D558C-8844-0651-D733-E2507DB58DAA}"
EndProject
Global
	GlobalSection(SolutionConfigurationPlatforms) = preSolution
		Debug|Any CPU = Debug|Any CPU
		Release|Any CPU = Release|Any CPU
	EndGlobalSection
	GlobalSection(ProjectConfigurationPlatforms) = postSolution
		{070D558C-8844-0651-D733-E2507DB58DAA}.Debug|Any CPU.ActiveCfg = Debug|Any CPU
		{070D558C-8844-0651-D733-E2507DB58DAA}.Debug|Any CPU.Build.0 = Debug|Any CPU
		{070D558C-8844-0651-D733-E2507DB58DAA}.Release|Any CPU.ActiveCfg = Release|Any CPU
		{070D558C-8844-0651-D733-E2507DB58DAA}.Release|Any CPU.Build.0 = Release|Any CPU
	EndGlobalSection
	GlobalSection(SolutionProperties) = preSolution
		HideSolutionNode = FALSE
	EndGlobalSection
	GlobalSection(MonoDevelopProperties) = preSolution
		StartupItem = Assembly-CSharp.csproj
	EndGlobalSection
EndGlobal
